
Microsoft Visual Studio Solution File, Format Version 12.00
# Visual Studio Version 16
VisualStudioVersion = 16.0.29806.167
MinimumVisualStudioVersion = 10.0.40219.1
Project("{9A19103F-16F7-4668-BE54-9A1E7A4F7556}") = "Anketa", "Filimonya-Course\Anketa.csproj", "{46872622-C993-421D-B6E3-D97107ECC97E}"
EndProject
Project("{9A19103F-16F7-4668-BE54-9A1E7A4F7556}") = "IMT", "IMT\IMT.csproj", "{72537EDB-DB93-41F8-8626-B521D5B8AAEF}"
EndProject
Project("{9A19103F-16F7-4668-BE54-9A1E7A4F7556}") = "Distance", "Distance\Distance.csproj", "{FC4F3D4C-9347-420A-B97E-CFFC891FC249}"
EndProject
Project("{9A19103F-16F7-4668-BE54-9A1E7A4F7556}") = "SwapVariableValue", "SwapVariableValue\SwapVariableValue.csproj", "{6CBC921E-D6AB-4C2E-BD87-D4652477A860}"
EndProject
Project("{9A19103F-16F7-4668-BE54-9A1E7A4F7556}") = "CenterLine", "CenterLine\CenterLine.csproj", "{8E2E2B63-F106-4F50-BE80-9D7AEDA888B2}"
EndProject
Project("{9A19103F-16F7-4668-BE54-9A1E7A4F7556}") = "FirstMethods", "FirstMethods\FirstMethods.csproj", "{91335977-B6AC-49C3-8161-3DA811C17DD5}"
EndProject
Project("{2150E333-8FDC-42A3-9474-1A3956D46DE8}") = "Lesson01", "Lesson01", "{A71E99C9-6744-468E-A14E-4C4CE86012E8}"
EndProject
Project("{2150E333-8FDC-42A3-9474-1A3956D46DE8}") = "Lesson02", "Lesson02", "{21663146-AC5D-4958-8F40-ABBFBE8F539F}"
EndProject
Project("{9A19103F-16F7-4668-BE54-9A1E7A4F7556}") = "MinOfThree", "MinOfThree\MinOfThree.csproj", "{D8AE10BA-CA89-41FF-B08B-5949F22E3C08}"
EndProject
Project("{9A19103F-16F7-4668-BE54-9A1E7A4F7556}") = "NumeralCount", "NumeralCount\NumeralCount.csproj", "{8DDC5E79-45FC-47A1-9EFF-E96566FE9EC4}"
EndProject
Project("{9A19103F-16F7-4668-BE54-9A1E7A4F7556}") = "EvenAmount", "OddAmount\EvenAmount.csproj", "{A9E517F7-52DE-4CD0-ADCE-EAFBD89BD990}"
EndProject
Project("{9A19103F-16F7-4668-BE54-9A1E7A4F7556}") = "LoginPassword", "LoginPassword\LoginPassword.csproj", "{68F043F6-0854-48F0-B5B3-93B113366D53}"
EndProject
Project("{2150E333-8FDC-42A3-9474-1A3956D46DE8}") = "Lesson03", "Lesson03", "{E9674428-F583-424C-B7A9-736B0886472C}"
EndProject
Project("{9A19103F-16F7-4668-BE54-9A1E7A4F7556}") = "StructureExample", "StructureExample\StructureExample.csproj", "{6907BF8A-08B5-4684-BA77-EEB1DF77F01A}"
EndProject
Project("{9A19103F-16F7-4668-BE54-9A1E7A4F7556}") = "Complex", "Complex\Complex.csproj", "{DD6DC80B-9BC3-42A5-A7DD-D8DF620C372F}"
EndProject
Project("{9A19103F-16F7-4668-BE54-9A1E7A4F7556}") = "EvenAmountExtended", "EvenAmountExtended\EvenAmountExtended.csproj", "{20207E14-D38A-4FDF-87BE-437FF7354FA3}"
EndProject
Project("{2150E333-8FDC-42A3-9474-1A3956D46DE8}") = "Lesson04", "Lesson04", "{3AEC3259-14DE-4D1D-9CD5-115AA91A44F1}"
EndProject
Project("{9A19103F-16F7-4668-BE54-9A1E7A4F7556}") = "DraftProject04", "DraftProject04\DraftProject04.csproj", "{ABD59E58-5616-4E8A-8BC2-2141C1100E25}"
EndProject
Project("{9A19103F-16F7-4668-BE54-9A1E7A4F7556}") = "Array10000RND", "Array10000RND\Array10000RND.csproj", "{8D92F4F3-6765-4216-97EF-9ED3D47316E5}"
EndProject
Project("{9A19103F-16F7-4668-BE54-9A1E7A4F7556}") = "LoginPasswordExtended", "LoginPasswordExtended\LoginPasswordExtended.csproj", "{1A9463EF-85E6-456F-AE95-DBD35EEE8366}"
EndProject
Project("{2150E333-8FDC-42A3-9474-1A3956D46DE8}") = "Lesson05", "Lesson05", "{5744A44F-6369-44F3-9808-13F4D52B8094}"
EndProject
Project("{FAE04EC0-301F-11D3-BF4B-00C04F79EFBC}") = "AnotherDraft05", "AnotherDraft05\AnotherDraft05.csproj", "{79331710-F8AE-4A31-81EA-49C4C19F5401}"
EndProject
Project("{FAE04EC0-301F-11D3-BF4B-00C04F79EFBC}") = "LoginCorrectness", "LoginCorrectness\LoginCorrectness.csproj", "{B7AD1650-7FCE-4FA5-BE98-794E7141B917}"
EndProject
Project("{FAE04EC0-301F-11D3-BF4B-00C04F79EFBC}") = "StringReplaceOrNot", "StringReplaceOrNot\StringReplaceOrNot.csproj", "{A34FD803-BD6A-4948-B5A7-C572743076B4}"
EndProject
Project("{2150E333-8FDC-42A3-9474-1A3956D46DE8}") = "Lesson06", "Lesson06", "{01FF6A76-8526-4C16-94F9-988349AA8A43}"
EndProject
Project("{FAE04EC0-301F-11D3-BF4B-00C04F79EFBC}") = "Draft06", "Draft06\Draft06.csproj", "{7E8814E5-31FD-438C-801F-46E5890FABF4}"
EndProject
Project("{FAE04EC0-301F-11D3-BF4B-00C04F79EFBC}") = "Delegates", "Draft0601\Delegates.csproj", "{602EF2E1-9E3E-4E4D-A381-FCADBDB12A1C}"
EndProject
Project("{FAE04EC0-301F-11D3-BF4B-00C04F79EFBC}") = "ListUseExample", "ListUseExample\ListUseExample.csproj", "{2311DB6C-6FCA-4D55-ADAB-33925A6EB936}"
EndProject
Project("{FAE04EC0-301F-11D3-BF4B-00C04F79EFBC}") = "Files", "Files\Files.csproj", "{4D498070-C908-49B8-9D4B-95D0D8158021}"
EndProject
Global
	GlobalSection(SolutionConfigurationPlatforms) = preSolution
		Debug|Any CPU = Debug|Any CPU
		Release|Any CPU = Release|Any CPU
	EndGlobalSection
	GlobalSection(ProjectConfigurationPlatforms) = postSolution
		{46872622-C993-421D-B6E3-D97107ECC97E}.Debug|Any CPU.ActiveCfg = Debug|Any CPU
		{46872622-C993-421D-B6E3-D97107ECC97E}.Debug|Any CPU.Build.0 = Debug|Any CPU
		{46872622-C993-421D-B6E3-D97107ECC97E}.Release|Any CPU.ActiveCfg = Release|Any CPU
		{46872622-C993-421D-B6E3-D97107ECC97E}.Release|Any CPU.Build.0 = Release|Any CPU
		{72537EDB-DB93-41F8-8626-B521D5B8AAEF}.Debug|Any CPU.ActiveCfg = Debug|Any CPU
		{72537EDB-DB93-41F8-8626-B521D5B8AAEF}.Debug|Any CPU.Build.0 = Debug|Any CPU
		{72537EDB-DB93-41F8-8626-B521D5B8AAEF}.Release|Any CPU.ActiveCfg = Release|Any CPU
		{72537EDB-DB93-41F8-8626-B521D5B8AAEF}.Release|Any CPU.Build.0 = Release|Any CPU
		{FC4F3D4C-9347-420A-B97E-CFFC891FC249}.Debug|Any CPU.ActiveCfg = Debug|Any CPU
		{FC4F3D4C-9347-420A-B97E-CFFC891FC249}.Debug|Any CPU.Build.0 = Debug|Any CPU
		{FC4F3D4C-9347-420A-B97E-CFFC891FC249}.Release|Any CPU.ActiveCfg = Release|Any CPU
		{FC4F3D4C-9347-420A-B97E-CFFC891FC249}.Release|Any CPU.Build.0 = Release|Any CPU
		{6CBC921E-D6AB-4C2E-BD87-D4652477A860}.Debug|Any CPU.ActiveCfg = Debug|Any CPU
		{6CBC921E-D6AB-4C2E-BD87-D4652477A860}.Debug|Any CPU.Build.0 = Debug|Any CPU
		{6CBC921E-D6AB-4C2E-BD87-D4652477A860}.Release|Any CPU.ActiveCfg = Release|Any CPU
		{6CBC921E-D6AB-4C2E-BD87-D4652477A860}.Release|Any CPU.Build.0 = Release|Any CPU
		{8E2E2B63-F106-4F50-BE80-9D7AEDA888B2}.Debug|Any CPU.ActiveCfg = Debug|Any CPU
		{8E2E2B63-F106-4F50-BE80-9D7AEDA888B2}.Debug|Any CPU.Build.0 = Debug|Any CPU
		{8E2E2B63-F106-4F50-BE80-9D7AEDA888B2}.Release|Any CPU.ActiveCfg = Release|Any CPU
		{8E2E2B63-F106-4F50-BE80-9D7AEDA888B2}.Release|Any CPU.Build.0 = Release|Any CPU
		{91335977-B6AC-49C3-8161-3DA811C17DD5}.Debug|Any CPU.ActiveCfg = Debug|Any CPU
		{91335977-B6AC-49C3-8161-3DA811C17DD5}.Debug|Any CPU.Build.0 = Debug|Any CPU
		{91335977-B6AC-49C3-8161-3DA811C17DD5}.Release|Any CPU.ActiveCfg = Release|Any CPU
		{91335977-B6AC-49C3-8161-3DA811C17DD5}.Release|Any CPU.Build.0 = Release|Any CPU
		{D8AE10BA-CA89-41FF-B08B-5949F22E3C08}.Debug|Any CPU.ActiveCfg = Debug|Any CPU
		{D8AE10BA-CA89-41FF-B08B-5949F22E3C08}.Debug|Any CPU.Build.0 = Debug|Any CPU
		{D8AE10BA-CA89-41FF-B08B-5949F22E3C08}.Release|Any CPU.ActiveCfg = Release|Any CPU
		{D8AE10BA-CA89-41FF-B08B-5949F22E3C08}.Release|Any CPU.Build.0 = Release|Any CPU
		{8DDC5E79-45FC-47A1-9EFF-E96566FE9EC4}.Debug|Any CPU.ActiveCfg = Debug|Any CPU
		{8DDC5E79-45FC-47A1-9EFF-E96566FE9EC4}.Debug|Any CPU.Build.0 = Debug|Any CPU
		{8DDC5E79-45FC-47A1-9EFF-E96566FE9EC4}.Release|Any CPU.ActiveCfg = Release|Any CPU
		{8DDC5E79-45FC-47A1-9EFF-E96566FE9EC4}.Release|Any CPU.Build.0 = Release|Any CPU
		{A9E517F7-52DE-4CD0-ADCE-EAFBD89BD990}.Debug|Any CPU.ActiveCfg = Debug|Any CPU
		{A9E517F7-52DE-4CD0-ADCE-EAFBD89BD990}.Debug|Any CPU.Build.0 = Debug|Any CPU
		{A9E517F7-52DE-4CD0-ADCE-EAFBD89BD990}.Release|Any CPU.ActiveCfg = Release|Any CPU
		{A9E517F7-52DE-4CD0-ADCE-EAFBD89BD990}.Release|Any CPU.Build.0 = Release|Any CPU
		{68F043F6-0854-48F0-B5B3-93B113366D53}.Debug|Any CPU.ActiveCfg = Debug|Any CPU
		{68F043F6-0854-48F0-B5B3-93B113366D53}.Debug|Any CPU.Build.0 = Debug|Any CPU
		{68F043F6-0854-48F0-B5B3-93B113366D53}.Release|Any CPU.ActiveCfg = Release|Any CPU
		{68F043F6-0854-48F0-B5B3-93B113366D53}.Release|Any CPU.Build.0 = Release|Any CPU
		{6907BF8A-08B5-4684-BA77-EEB1DF77F01A}.Debug|Any CPU.ActiveCfg = Debug|Any CPU
		{6907BF8A-08B5-4684-BA77-EEB1DF77F01A}.Debug|Any CPU.Build.0 = Debug|Any CPU
		{6907BF8A-08B5-4684-BA77-EEB1DF77F01A}.Release|Any CPU.ActiveCfg = Release|Any CPU
		{6907BF8A-08B5-4684-BA77-EEB1DF77F01A}.Release|Any CPU.Build.0 = Release|Any CPU
		{DD6DC80B-9BC3-42A5-A7DD-D8DF620C372F}.Debug|Any CPU.ActiveCfg = Debug|Any CPU
		{DD6DC80B-9BC3-42A5-A7DD-D8DF620C372F}.Debug|Any CPU.Build.0 = Debug|Any CPU
		{DD6DC80B-9BC3-42A5-A7DD-D8DF620C372F}.Release|Any CPU.ActiveCfg = Release|Any CPU
		{DD6DC80B-9BC3-42A5-A7DD-D8DF620C372F}.Release|Any CPU.Build.0 = Release|Any CPU
		{20207E14-D38A-4FDF-87BE-437FF7354FA3}.Debug|Any CPU.ActiveCfg = Debug|Any CPU
		{20207E14-D38A-4FDF-87BE-437FF7354FA3}.Debug|Any CPU.Build.0 = Debug|Any CPU
		{20207E14-D38A-4FDF-87BE-437FF7354FA3}.Release|Any CPU.ActiveCfg = Release|Any CPU
		{20207E14-D38A-4FDF-87BE-437FF7354FA3}.Release|Any CPU.Build.0 = Release|Any CPU
		{ABD59E58-5616-4E8A-8BC2-2141C1100E25}.Debug|Any CPU.ActiveCfg = Debug|Any CPU
		{ABD59E58-5616-4E8A-8BC2-2141C1100E25}.Debug|Any CPU.Build.0 = Debug|Any CPU
		{ABD59E58-5616-4E8A-8BC2-2141C1100E25}.Release|Any CPU.ActiveCfg = Release|Any CPU
		{ABD59E58-5616-4E8A-8BC2-2141C1100E25}.Release|Any CPU.Build.0 = Release|Any CPU
		{8D92F4F3-6765-4216-97EF-9ED3D47316E5}.Debug|Any CPU.ActiveCfg = Debug|Any CPU
		{8D92F4F3-6765-4216-97EF-9ED3D47316E5}.Debug|Any CPU.Build.0 = Debug|Any CPU
		{8D92F4F3-6765-4216-97EF-9ED3D47316E5}.Release|Any CPU.ActiveCfg = Release|Any CPU
		{8D92F4F3-6765-4216-97EF-9ED3D47316E5}.Release|Any CPU.Build.0 = Release|Any CPU
		{1A9463EF-85E6-456F-AE95-DBD35EEE8366}.Debug|Any CPU.ActiveCfg = Debug|Any CPU
		{1A9463EF-85E6-456F-AE95-DBD35EEE8366}.Debug|Any CPU.Build.0 = Debug|Any CPU
		{1A9463EF-85E6-456F-AE95-DBD35EEE8366}.Release|Any CPU.ActiveCfg = Release|Any CPU
		{1A9463EF-85E6-456F-AE95-DBD35EEE8366}.Release|Any CPU.Build.0 = Release|Any CPU
		{79331710-F8AE-4A31-81EA-49C4C19F5401}.Debug|Any CPU.ActiveCfg = Debug|Any CPU
		{79331710-F8AE-4A31-81EA-49C4C19F5401}.Debug|Any CPU.Build.0 = Debug|Any CPU
		{79331710-F8AE-4A31-81EA-49C4C19F5401}.Release|Any CPU.ActiveCfg = Release|Any CPU
		{79331710-F8AE-4A31-81EA-49C4C19F5401}.Release|Any CPU.Build.0 = Release|Any CPU
		{B7AD1650-7FCE-4FA5-BE98-794E7141B917}.Debug|Any CPU.ActiveCfg = Debug|Any CPU
		{B7AD1650-7FCE-4FA5-BE98-794E7141B917}.Debug|Any CPU.Build.0 = Debug|Any CPU
		{B7AD1650-7FCE-4FA5-BE98-794E7141B917}.Release|Any CPU.ActiveCfg = Release|Any CPU
		{B7AD1650-7FCE-4FA5-BE98-794E7141B917}.Release|Any CPU.Build.0 = Release|Any CPU
		{A34FD803-BD6A-4948-B5A7-C572743076B4}.Debug|Any CPU.ActiveCfg = Debug|Any CPU
		{A34FD803-BD6A-4948-B5A7-C572743076B4}.Debug|Any CPU.Build.0 = Debug|Any CPU
		{A34FD803-BD6A-4948-B5A7-C572743076B4}.Release|Any CPU.ActiveCfg = Release|Any CPU
		{A34FD803-BD6A-4948-B5A7-C572743076B4}.Release|Any CPU.Build.0 = Release|Any CPU
		{7E8814E5-31FD-438C-801F-46E5890FABF4}.Debug|Any CPU.ActiveCfg = Debug|Any CPU
		{7E8814E5-31FD-438C-801F-46E5890FABF4}.Debug|Any CPU.Build.0 = Debug|Any CPU
		{7E8814E5-31FD-438C-801F-46E5890FABF4}.Release|Any CPU.ActiveCfg = Release|Any CPU
		{7E8814E5-31FD-438C-801F-46E5890FABF4}.Release|Any CPU.Build.0 = Release|Any CPU
		{602EF2E1-9E3E-4E4D-A381-FCADBDB12A1C}.Debug|Any CPU.ActiveCfg = Debug|Any CPU
		{602EF2E1-9E3E-4E4D-A381-FCADBDB12A1C}.Debug|Any CPU.Build.0 = Debug|Any CPU
		{602EF2E1-9E3E-4E4D-A381-FCADBDB12A1C}.Release|Any CPU.ActiveCfg = Release|Any CPU
		{602EF2E1-9E3E-4E4D-A381-FCADBDB12A1C}.Release|Any CPU.Build.0 = Release|Any CPU
		{2311DB6C-6FCA-4D55-ADAB-33925A6EB936}.Debug|Any CPU.ActiveCfg = Debug|Any CPU
		{2311DB6C-6FCA-4D55-ADAB-33925A6EB936}.Debug|Any CPU.Build.0 = Debug|Any CPU
		{2311DB6C-6FCA-4D55-ADAB-33925A6EB936}.Release|Any CPU.ActiveCfg = Release|Any CPU
		{2311DB6C-6FCA-4D55-ADAB-33925A6EB936}.Release|Any CPU.Build.0 = Release|Any CPU
		{4D498070-C908-49B8-9D4B-95D0D8158021}.Debug|Any CPU.ActiveCfg = Debug|Any CPU
		{4D498070-C908-49B8-9D4B-95D0D8158021}.Debug|Any CPU.Build.0 = Debug|Any CPU
		{4D498070-C908-49B8-9D4B-95D0D8158021}.Release|Any CPU.ActiveCfg = Release|Any CPU
		{4D498070-C908-49B8-9D4B-95D0D8158021}.Release|Any CPU.Build.0 = Release|Any CPU
	EndGlobalSection
	GlobalSection(SolutionProperties) = preSolution
		HideSolutionNode = FALSE
	EndGlobalSection
	GlobalSection(NestedProjects) = preSolution
		{46872622-C993-421D-B6E3-D97107ECC97E} = {A71E99C9-6744-468E-A14E-4C4CE86012E8}
		{72537EDB-DB93-41F8-8626-B521D5B8AAEF} = {A71E99C9-6744-468E-A14E-4C4CE86012E8}
		{FC4F3D4C-9347-420A-B97E-CFFC891FC249} = {A71E99C9-6744-468E-A14E-4C4CE86012E8}
		{6CBC921E-D6AB-4C2E-BD87-D4652477A860} = {A71E99C9-6744-468E-A14E-4C4CE86012E8}
		{8E2E2B63-F106-4F50-BE80-9D7AEDA888B2} = {A71E99C9-6744-468E-A14E-4C4CE86012E8}
		{91335977-B6AC-49C3-8161-3DA811C17DD5} = {A71E99C9-6744-468E-A14E-4C4CE86012E8}
		{D8AE10BA-CA89-41FF-B08B-5949F22E3C08} = {21663146-AC5D-4958-8F40-ABBFBE8F539F}
		{8DDC5E79-45FC-47A1-9EFF-E96566FE9EC4} = {21663146-AC5D-4958-8F40-ABBFBE8F539F}
		{A9E517F7-52DE-4CD0-ADCE-EAFBD89BD990} = {21663146-AC5D-4958-8F40-ABBFBE8F539F}
		{68F043F6-0854-48F0-B5B3-93B113366D53} = {21663146-AC5D-4958-8F40-ABBFBE8F539F}
		{6907BF8A-08B5-4684-BA77-EEB1DF77F01A} = {E9674428-F583-424C-B7A9-736B0886472C}
		{DD6DC80B-9BC3-42A5-A7DD-D8DF620C372F} = {E9674428-F583-424C-B7A9-736B0886472C}
		{20207E14-D38A-4FDF-87BE-437FF7354FA3} = {E9674428-F583-424C-B7A9-736B0886472C}
		{ABD59E58-5616-4E8A-8BC2-2141C1100E25} = {3AEC3259-14DE-4D1D-9CD5-115AA91A44F1}
		{8D92F4F3-6765-4216-97EF-9ED3D47316E5} = {3AEC3259-14DE-4D1D-9CD5-115AA91A44F1}
		{1A9463EF-85E6-456F-AE95-DBD35EEE8366} = {3AEC3259-14DE-4D1D-9CD5-115AA91A44F1}
		{79331710-F8AE-4A31-81EA-49C4C19F5401} = {5744A44F-6369-44F3-9808-13F4D52B8094}
		{B7AD1650-7FCE-4FA5-BE98-794E7141B917} = {5744A44F-6369-44F3-9808-13F4D52B8094}
		{A34FD803-BD6A-4948-B5A7-C572743076B4} = {5744A44F-6369-44F3-9808-13F4D52B8094}
		{7E8814E5-31FD-438C-801F-46E5890FABF4} = {01FF6A76-8526-4C16-94F9-988349AA8A43}
		{602EF2E1-9E3E-4E4D-A381-FCADBDB12A1C} = {01FF6A76-8526-4C16-94F9-988349AA8A43}
		{2311DB6C-6FCA-4D55-ADAB-33925A6EB936} = {01FF6A76-8526-4C16-94F9-988349AA8A43}
		{4D498070-C908-49B8-9D4B-95D0D8158021} = {01FF6A76-8526-4C16-94F9-988349AA8A43}
	EndGlobalSection
	GlobalSection(ExtensibilityGlobals) = postSolution
		SolutionGuid = {7AFF41C6-F881-4FCA-A510-E4BC9541E2EE}
	EndGlobalSection
EndGlobal
