
Microsoft Visual Studio Solution File, Format Version 12.00
# Visual Studio Version 16
VisualStudioVersion = 16.0.29806.167
MinimumVisualStudioVersion = 10.0.40219.1
Project("{9A19103F-16F7-4668-BE54-9A1E7A4F7556}") = "Anketa", "Filimonya-Course\Anketa.csproj", "{46872622-C993-421D-B6E3-D97107ECC97E}"
EndProject
Project("{9A19103F-16F7-4668-BE54-9A1E7A4F7556}") = "IMT", "IMT\IMT.csproj", "{72537EDB-DB93-41F8-8626-B521D5B8AAEF}"
EndProject
Project("{9A19103F-16F7-4668-BE54-9A1E7A4F7556}") = "Distance", "Distance\Distance.csproj", "{FC4F3D4C-9347-420A-B97E-CFFC891FC249}"
EndProject
Project("{9A19103F-16F7-4668-BE54-9A1E7A4F7556}") = "SwapVariableValue", "SwapVariableValue\SwapVariableValue.csproj", "{6CBC921E-D6AB-4C2E-BD87-D4652477A860}"
EndProject
Project("{9A19103F-16F7-4668-BE54-9A1E7A4F7556}") = "CenterLine", "CenterLine\CenterLine.csproj", "{8E2E2B63-F106-4F50-BE80-9D7AEDA888B2}"
EndProject
Project("{9A19103F-16F7-4668-BE54-9A1E7A4F7556}") = "FirstMethods", "FirstMethods\FirstMethods.csproj", "{91335977-B6AC-49C3-8161-3DA811C17DD5}"
EndProject
Project("{2150E333-8FDC-42A3-9474-1A3956D46DE8}") = "Lesson01", "Lesson01", "{A71E99C9-6744-468E-A14E-4C4CE86012E8}"
EndProject
Project("{2150E333-8FDC-42A3-9474-1A3956D46DE8}") = "Lesson02", "Lesson02", "{21663146-AC5D-4958-8F40-ABBFBE8F539F}"
EndProject
Project("{FAE04EC0-301F-11D3-BF4B-00C04F79EFBC}") = "MinOfThree", "MinOfThree\MinOfThree.csproj", "{D8AE10BA-CA89-41FF-B08B-5949F22E3C08}"
EndProject
Project("{FAE04EC0-301F-11D3-BF4B-00C04F79EFBC}") = "NumeralCount", "NumeralCount\NumeralCount.csproj", "{8DDC5E79-45FC-47A1-9EFF-E96566FE9EC4}"
EndProject
Project("{FAE04EC0-301F-11D3-BF4B-00C04F79EFBC}") = "EvenAmount", "OddAmount\EvenAmount.csproj", "{A9E517F7-52DE-4CD0-ADCE-EAFBD89BD990}"
EndProject
Project("{FAE04EC0-301F-11D3-BF4B-00C04F79EFBC}") = "LoginPassword", "LoginPassword\LoginPassword.csproj", "{68F043F6-0854-48F0-B5B3-93B113366D53}"
EndProject
Project("{2150E333-8FDC-42A3-9474-1A3956D46DE8}") = "Lesson03", "Lesson03", "{E9674428-F583-424C-B7A9-736B0886472C}"
EndProject
Project("{FAE04EC0-301F-11D3-BF4B-00C04F79EFBC}") = "StructureExample", "StructureExample\StructureExample.csproj", "{6907BF8A-08B5-4684-BA77-EEB1DF77F01A}"
EndProject
Project("{FAE04EC0-301F-11D3-BF4B-00C04F79EFBC}") = "Complex", "Complex\Complex.csproj", "{DD6DC80B-9BC3-42A5-A7DD-D8DF620C372F}"
EndProject
Project("{FAE04EC0-301F-11D3-BF4B-00C04F79EFBC}") = "EvenAmountExtended", "EvenAmountExtended\EvenAmountExtended.csproj", "{20207E14-D38A-4FDF-87BE-437FF7354FA3}"
EndProject
Global
	GlobalSection(SolutionConfigurationPlatforms) = preSolution
		Debug|Any CPU = Debug|Any CPU
		Release|Any CPU = Release|Any CPU
	EndGlobalSection
	GlobalSection(ProjectConfigurationPlatforms) = postSolution
		{46872622-C993-421D-B6E3-D97107ECC97E}.Debug|Any CPU.ActiveCfg = Debug|Any CPU
		{46872622-C993-421D-B6E3-D97107ECC97E}.Debug|Any CPU.Build.0 = Debug|Any CPU
		{46872622-C993-421D-B6E3-D97107ECC97E}.Release|Any CPU.ActiveCfg = Release|Any CPU
		{46872622-C993-421D-B6E3-D97107ECC97E}.Release|Any CPU.Build.0 = Release|Any CPU
		{72537EDB-DB93-41F8-8626-B521D5B8AAEF}.Debug|Any CPU.ActiveCfg = Debug|Any CPU
		{72537EDB-DB93-41F8-8626-B521D5B8AAEF}.Debug|Any CPU.Build.0 = Debug|Any CPU
		{72537EDB-DB93-41F8-8626-B521D5B8AAEF}.Release|Any CPU.ActiveCfg = Release|Any CPU
		{72537EDB-DB93-41F8-8626-B521D5B8AAEF}.Release|Any CPU.Build.0 = Release|Any CPU
		{FC4F3D4C-9347-420A-B97E-CFFC891FC249}.Debug|Any CPU.ActiveCfg = Debug|Any CPU
		{FC4F3D4C-9347-420A-B97E-CFFC891FC249}.Debug|Any CPU.Build.0 = Debug|Any CPU
		{FC4F3D4C-9347-420A-B97E-CFFC891FC249}.Release|Any CPU.ActiveCfg = Release|Any CPU
		{FC4F3D4C-9347-420A-B97E-CFFC891FC249}.Release|Any CPU.Build.0 = Release|Any CPU
		{6CBC921E-D6AB-4C2E-BD87-D4652477A860}.Debug|Any CPU.ActiveCfg = Debug|Any CPU
		{6CBC921E-D6AB-4C2E-BD87-D4652477A860}.Debug|Any CPU.Build.0 = Debug|Any CPU
		{6CBC921E-D6AB-4C2E-BD87-D4652477A860}.Release|Any CPU.ActiveCfg = Release|Any CPU
		{6CBC921E-D6AB-4C2E-BD87-D4652477A860}.Release|Any CPU.Build.0 = Release|Any CPU
		{8E2E2B63-F106-4F50-BE80-9D7AEDA888B2}.Debug|Any CPU.ActiveCfg = Debug|Any CPU
		{8E2E2B63-F106-4F50-BE80-9D7AEDA888B2}.Debug|Any CPU.Build.0 = Debug|Any CPU
		{8E2E2B63-F106-4F50-BE80-9D7AEDA888B2}.Release|Any CPU.ActiveCfg = Release|Any CPU
		{8E2E2B63-F106-4F50-BE80-9D7AEDA888B2}.Release|Any CPU.Build.0 = Release|Any CPU
		{91335977-B6AC-49C3-8161-3DA811C17DD5}.Debug|Any CPU.ActiveCfg = Debug|Any CPU
		{91335977-B6AC-49C3-8161-3DA811C17DD5}.Debug|Any CPU.Build.0 = Debug|Any CPU
		{91335977-B6AC-49C3-8161-3DA811C17DD5}.Release|Any CPU.ActiveCfg = Release|Any CPU
		{91335977-B6AC-49C3-8161-3DA811C17DD5}.Release|Any CPU.Build.0 = Release|Any CPU
		{D8AE10BA-CA89-41FF-B08B-5949F22E3C08}.Debug|Any CPU.ActiveCfg = Debug|Any CPU
		{D8AE10BA-CA89-41FF-B08B-5949F22E3C08}.Debug|Any CPU.Build.0 = Debug|Any CPU
		{D8AE10BA-CA89-41FF-B08B-5949F22E3C08}.Release|Any CPU.ActiveCfg = Release|Any CPU
		{D8AE10BA-CA89-41FF-B08B-5949F22E3C08}.Release|Any CPU.Build.0 = Release|Any CPU
		{8DDC5E79-45FC-47A1-9EFF-E96566FE9EC4}.Debug|Any CPU.ActiveCfg = Debug|Any CPU
		{8DDC5E79-45FC-47A1-9EFF-E96566FE9EC4}.Debug|Any CPU.Build.0 = Debug|Any CPU
		{8DDC5E79-45FC-47A1-9EFF-E96566FE9EC4}.Release|Any CPU.ActiveCfg = Release|Any CPU
		{8DDC5E79-45FC-47A1-9EFF-E96566FE9EC4}.Release|Any CPU.Build.0 = Release|Any CPU
		{A9E517F7-52DE-4CD0-ADCE-EAFBD89BD990}.Debug|Any CPU.ActiveCfg = Debug|Any CPU
		{A9E517F7-52DE-4CD0-ADCE-EAFBD89BD990}.Debug|Any CPU.Build.0 = Debug|Any CPU
		{A9E517F7-52DE-4CD0-ADCE-EAFBD89BD990}.Release|Any CPU.ActiveCfg = Release|Any CPU
		{A9E517F7-52DE-4CD0-ADCE-EAFBD89BD990}.Release|Any CPU.Build.0 = Release|Any CPU
		{68F043F6-0854-48F0-B5B3-93B113366D53}.Debug|Any CPU.ActiveCfg = Debug|Any CPU
		{68F043F6-0854-48F0-B5B3-93B113366D53}.Debug|Any CPU.Build.0 = Debug|Any CPU
		{68F043F6-0854-48F0-B5B3-93B113366D53}.Release|Any CPU.ActiveCfg = Release|Any CPU
		{68F043F6-0854-48F0-B5B3-93B113366D53}.Release|Any CPU.Build.0 = Release|Any CPU
		{6907BF8A-08B5-4684-BA77-EEB1DF77F01A}.Debug|Any CPU.ActiveCfg = Debug|Any CPU
		{6907BF8A-08B5-4684-BA77-EEB1DF77F01A}.Debug|Any CPU.Build.0 = Debug|Any CPU
		{6907BF8A-08B5-4684-BA77-EEB1DF77F01A}.Release|Any CPU.ActiveCfg = Release|Any CPU
		{6907BF8A-08B5-4684-BA77-EEB1DF77F01A}.Release|Any CPU.Build.0 = Release|Any CPU
		{DD6DC80B-9BC3-42A5-A7DD-D8DF620C372F}.Debug|Any CPU.ActiveCfg = Debug|Any CPU
		{DD6DC80B-9BC3-42A5-A7DD-D8DF620C372F}.Debug|Any CPU.Build.0 = Debug|Any CPU
		{DD6DC80B-9BC3-42A5-A7DD-D8DF620C372F}.Release|Any CPU.ActiveCfg = Release|Any CPU
		{DD6DC80B-9BC3-42A5-A7DD-D8DF620C372F}.Release|Any CPU.Build.0 = Release|Any CPU
		{20207E14-D38A-4FDF-87BE-437FF7354FA3}.Debug|Any CPU.ActiveCfg = Debug|Any CPU
		{20207E14-D38A-4FDF-87BE-437FF7354FA3}.Debug|Any CPU.Build.0 = Debug|Any CPU
		{20207E14-D38A-4FDF-87BE-437FF7354FA3}.Release|Any CPU.ActiveCfg = Release|Any CPU
		{20207E14-D38A-4FDF-87BE-437FF7354FA3}.Release|Any CPU.Build.0 = Release|Any CPU
	EndGlobalSection
	GlobalSection(SolutionProperties) = preSolution
		HideSolutionNode = FALSE
	EndGlobalSection
	GlobalSection(NestedProjects) = preSolution
		{46872622-C993-421D-B6E3-D97107ECC97E} = {A71E99C9-6744-468E-A14E-4C4CE86012E8}
		{72537EDB-DB93-41F8-8626-B521D5B8AAEF} = {A71E99C9-6744-468E-A14E-4C4CE86012E8}
		{FC4F3D4C-9347-420A-B97E-CFFC891FC249} = {A71E99C9-6744-468E-A14E-4C4CE86012E8}
		{6CBC921E-D6AB-4C2E-BD87-D4652477A860} = {A71E99C9-6744-468E-A14E-4C4CE86012E8}
		{8E2E2B63-F106-4F50-BE80-9D7AEDA888B2} = {A71E99C9-6744-468E-A14E-4C4CE86012E8}
		{91335977-B6AC-49C3-8161-3DA811C17DD5} = {A71E99C9-6744-468E-A14E-4C4CE86012E8}
		{D8AE10BA-CA89-41FF-B08B-5949F22E3C08} = {21663146-AC5D-4958-8F40-ABBFBE8F539F}
		{8DDC5E79-45FC-47A1-9EFF-E96566FE9EC4} = {21663146-AC5D-4958-8F40-ABBFBE8F539F}
		{A9E517F7-52DE-4CD0-ADCE-EAFBD89BD990} = {21663146-AC5D-4958-8F40-ABBFBE8F539F}
		{68F043F6-0854-48F0-B5B3-93B113366D53} = {21663146-AC5D-4958-8F40-ABBFBE8F539F}
		{6907BF8A-08B5-4684-BA77-EEB1DF77F01A} = {E9674428-F583-424C-B7A9-736B0886472C}
		{DD6DC80B-9BC3-42A5-A7DD-D8DF620C372F} = {E9674428-F583-424C-B7A9-736B0886472C}
		{20207E14-D38A-4FDF-87BE-437FF7354FA3} = {E9674428-F583-424C-B7A9-736B0886472C}
	EndGlobalSection
	GlobalSection(ExtensibilityGlobals) = postSolution
		SolutionGuid = {7AFF41C6-F881-4FCA-A510-E4BC9541E2EE}
	EndGlobalSection
EndGlobal
